Microsoft Visual Studio Solution File, Format Version 12.00
# Visual Studio 15
VisualStudioVersion = 15.0.26430.16
MinimumVisualStudioVersion = 10.0.40219.1
Project("{FAE04EC0-301F-11D3-BF4B-00C04F79EFBC}") = "NExpect.Demo", "NExpect.Demo\NExpect.Demo.csproj", "{040A5F17-313B-4CCC-91F5-1E22A8389595}"
EndProject
Project("{FAE04EC0-301F-11D3-BF4B-00C04F79EFBC}") = "NExpect.Demo.Tests", "NExpect.Demo.Tests\NExpect.Demo.Tests.csproj", "{67A1EB8B-2700-47AA-A7F2-D3CB443E67C5}"
EndProject
Global
	GlobalSection(SolutionConfigurationPlatforms) = preSolution
		Debug|Any CPU = Debug|Any CPU
		Release|Any CPU = Release|Any CPU
	EndGlobalSection
	GlobalSection(ProjectConfigurationPlatforms) = postSolution
		{040A5F17-313B-4CCC-91F5-1E22A8389595}.Debug|Any CPU.ActiveCfg = Debug|Any CPU
		{040A5F17-313B-4CCC-91F5-1E22A8389595}.Debug|Any CPU.Build.0 = Debug|Any CPU
		{040A5F17-313B-4CCC-91F5-1E22A8389595}.Release|Any CPU.ActiveCfg = Release|Any CPU
		{040A5F17-313B-4CCC-91F5-1E22A8389595}.Release|Any CPU.Build.0 = Release|Any CPU
		{67A1EB8B-2700-47AA-A7F2-D3CB443E67C5}.Debug|Any CPU.ActiveCfg = Debug|Any CPU
		{67A1EB8B-2700-47AA-A7F2-D3CB443E67C5}.Debug|Any CPU.Build.0 = Debug|Any CPU
		{67A1EB8B-2700-47AA-A7F2-D3CB443E67C5}.Release|Any CPU.ActiveCfg = Release|Any CPU
		{67A1EB8B-2700-47AA-A7F2-D3CB443E67C5}.Release|Any CPU.Build.0 = Release|Any CPU
	EndGlobalSection
	GlobalSection(SolutionProperties) = preSolution
		HideSolutionNode = FALSE
	EndGlobalSection
EndGlobal
