
Microsoft Visual Studio Solution File, Format Version 12.00
# Visual Studio 15
VisualStudioVersion = 15.0.26430.16
MinimumVisualStudioVersion = 10.0.40219.1
Project("{FAE04EC0-301F-11D3-BF4B-00C04F79EFBC}") = "NExpect.Demo", "NExpect.Demo\NExpect.Demo.csproj", "{D2E5D726-955B-431D-813A-6406819CED5F}"
EndProject
Project("{FAE04EC0-301F-11D3-BF4B-00C04F79EFBC}") = "NExpect.Demo.Tests", "NExpect.Demo.Tests\NExpect.Demo.Tests.csproj", "{E893921E-07C6-4F6F-B443-19DBCD0B6577}"
EndProject
Global
	GlobalSection(SolutionConfigurationPlatforms) = preSolution
		Debug|Any CPU = Debug|Any CPU
		Release|Any CPU = Release|Any CPU
	EndGlobalSection
	GlobalSection(ProjectConfigurationPlatforms) = postSolution
		{D2E5D726-955B-431D-813A-6406819CED5F}.Debug|Any CPU.ActiveCfg = Debug|Any CPU
		{D2E5D726-955B-431D-813A-6406819CED5F}.Debug|Any CPU.Build.0 = Debug|Any CPU
		{D2E5D726-955B-431D-813A-6406819CED5F}.Release|Any CPU.ActiveCfg = Release|Any CPU
		{D2E5D726-955B-431D-813A-6406819CED5F}.Release|Any CPU.Build.0 = Release|Any CPU
		{E893921E-07C6-4F6F-B443-19DBCD0B6577}.Debug|Any CPU.ActiveCfg = Debug|Any CPU
		{E893921E-07C6-4F6F-B443-19DBCD0B6577}.Debug|Any CPU.Build.0 = Debug|Any CPU
		{E893921E-07C6-4F6F-B443-19DBCD0B6577}.Release|Any CPU.ActiveCfg = Release|Any CPU
		{E893921E-07C6-4F6F-B443-19DBCD0B6577}.Release|Any CPU.Build.0 = Release|Any CPU
	EndGlobalSection
	GlobalSection(SolutionProperties) = preSolution
		HideSolutionNode = FALSE
	EndGlobalSection
EndGlobal
